
Microsoft Visual Studio Solution File, Format Version 12.00
# Visual Studio Version 16
VisualStudioVersion = 16.0.32510.428
MinimumVisualStudioVersion = 10.0.40219.1
Project("{9A19103F-16F7-4668-BE54-9A1E7A4F7556}") = "Core_Proje", "Core_Proje\Core_Proje.csproj", "{B1926EB0-2E9A-4656-9133-919D65E2154E}"
EndProject
Project("{9A19103F-16F7-4668-BE54-9A1E7A4F7556}") = "BusinessLayer", "BusinessLayer\BusinessLayer.csproj", "{DF17A91C-F92F-470A-9DDE-BE6937E62A02}"
EndProject
Project("{9A19103F-16F7-4668-BE54-9A1E7A4F7556}") = "DataAccessLayer", "DataAccessLayer\DataAccessLayer.csproj", "{C1CECEDE-71B6-4BDE-BB85-34F860B4CBA5}"
EndProject
Project("{9A19103F-16F7-4668-BE54-9A1E7A4F7556}") = "EntityLayer", "EntityLayer\EntityLayer.csproj", "{F629C3D0-D43A-4D05-A216-4FF49E9DF645}"
EndProject
Project("{FAE04EC0-301F-11D3-BF4B-00C04F79EFBC}") = "Core_Proje_Api", "Core_Proje_Api\Core_Proje_Api.csproj", "{E8734881-2CFC-44B9-A32B-C5E70FAC40D4}"
EndProject
Global
	GlobalSection(SolutionConfigurationPlatforms) = preSolution
		Debug|Any CPU = Debug|Any CPU
		Release|Any CPU = Release|Any CPU
	EndGlobalSection
	GlobalSection(ProjectConfigurationPlatforms) = postSolution
		{B1926EB0-2E9A-4656-9133-919D65E2154E}.Debug|Any CPU.ActiveCfg = Debug|Any CPU
		{B1926EB0-2E9A-4656-9133-919D65E2154E}.Debug|Any CPU.Build.0 = Debug|Any CPU
		{B1926EB0-2E9A-4656-9133-919D65E2154E}.Release|Any CPU.ActiveCfg = Release|Any CPU
		{B1926EB0-2E9A-4656-9133-919D65E2154E}.Release|Any CPU.Build.0 = Release|Any CPU
		{DF17A91C-F92F-470A-9DDE-BE6937E62A02}.Debug|Any CPU.ActiveCfg = Debug|Any CPU
		{DF17A91C-F92F-470A-9DDE-BE6937E62A02}.Debug|Any CPU.Build.0 = Debug|Any CPU
		{DF17A91C-F92F-470A-9DDE-BE6937E62A02}.Release|Any CPU.ActiveCfg = Release|Any CPU
		{DF17A91C-F92F-470A-9DDE-BE6937E62A02}.Release|Any CPU.Build.0 = Release|Any CPU
		{C1CECEDE-71B6-4BDE-BB85-34F860B4CBA5}.Debug|Any CPU.ActiveCfg = Debug|Any CPU
		{C1CECEDE-71B6-4BDE-BB85-34F860B4CBA5}.Debug|Any CPU.Build.0 = Debug|Any CPU
		{C1CECEDE-71B6-4BDE-BB85-34F860B4CBA5}.Release|Any CPU.ActiveCfg = Release|Any CPU
		{C1CECEDE-71B6-4BDE-BB85-34F860B4CBA5}.Release|Any CPU.Build.0 = Release|Any CPU
		{F629C3D0-D43A-4D05-A216-4FF49E9DF645}.Debug|Any CPU.ActiveCfg = Debug|Any CPU
		{F629C3D0-D43A-4D05-A216-4FF49E9DF645}.Debug|Any CPU.Build.0 = Debug|Any CPU
		{F629C3D0-D43A-4D05-A216-4FF49E9DF645}.Release|Any CPU.ActiveCfg = Release|Any CPU
		{F629C3D0-D43A-4D05-A216-4FF49E9DF645}.Release|Any CPU.Build.0 = Release|Any CPU
		{E8734881-2CFC-44B9-A32B-C5E70FAC40D4}.Debug|Any CPU.ActiveCfg = Debug|Any CPU
		{E8734881-2CFC-44B9-A32B-C5E70FAC40D4}.Debug|Any CPU.Build.0 = Debug|Any CPU
		{E8734881-2CFC-44B9-A32B-C5E70FAC40D4}.Release|Any CPU.ActiveCfg = Release|Any CPU
		{E8734881-2CFC-44B9-A32B-C5E70FAC40D4}.Release|Any CPU.Build.0 = Release|Any CPU
	EndGlobalSection
	GlobalSection(SolutionProperties) = preSolution
		HideSolutionNode = FALSE
	EndGlobalSection
	GlobalSection(ExtensibilityGlobals) = postSolution
		SolutionGuid = {D21EE816-B6F4-48B5-985D-ECA3FAB32D07}
	EndGlobalSection
EndGlobal
